{
  "name": "site-generator",
  "version": "1.0.0",
  "lockfileVersion": 1,
  "requires": true,
  "dependencies": {
    "hyntax": {
      "version": "1.0.3",
      "resolved": "https://registry.npmjs.org/hyntax/-/hyntax-1.0.3.tgz",
      "integrity": "sha512-uKrJk1Zqd0FZLhRupCScuUcadltwhusz/1lGA61OePkQho57+Iz4BwDLvJf9sJ6mZ/BwC05j493wS7hZxqmSmg=="
    }
  }
}
