{
  "name": "teig",
  "version": "0.1.0",
  "lockfileVersion": 1,
  "requires": true,
  "dependencies": {
    "hyntax": {
      "version": "1.0.4",
      "resolved": "https://registry.npmjs.org/hyntax/-/hyntax-1.0.4.tgz",
      "integrity": "sha512-SNFz6fCIwjzoKfoAte7AIrdLUNHorfwfnP2BTgG3PDovg8BrYzSc6vbJ+IEv1NQO99Tt1qepdSeJr8+XlL12KQ=="
    }
  }
}
